# THIS IS AN AUTOGENERATED FILE. DO NOT EDIT THIS FILE DIRECTLY.
# yarn lockfile v1


gsap@^3.12.3:
  version "3.12.3"
  resolved "https://registry.yarnpkg.com/gsap/-/gsap-3.12.3.tgz#5baa5d05e845eead09134134d2698210068b9619"
  integrity sha512-TySXTE+ABiAVa61W+h5wv2p5GkJT1Uj//4nWpK8EjmhcDqwH++35IvtbQlVVFj+rdcJdFCdCt0SKgb+SwdPq/A==
